[{<<"chalang">>,
  {git,"https://github.com/zack-bitcoin/chalang",
       {ref,"1f8c4a5f30b03691b755cab827f91a9abd76c469"}},
  0},
 {<<"cowboy">>,
  {git,"https://github.com/ninenines/cowboy.git",
       {ref,"d08c2ab39d38c181abda279d5c2cadfac33a50c1"}},
  0},
 {<<"cowlib">>,
  {git,"https://github.com/ninenines/cowlib.git",
       {ref,"d544a494af4dbc810fc9c15eaf5cc050cced1501"}},
  1},
 {<<"dump">>,
  {git,"https://github.com/BumblebeeBat/dump",
       {ref,"eb163cf49e5a65e5f4cd2b8ad364bfba1fe268c1"}},
  1},
 {<<"encrypter">>,
  {git,"https://github.com/zack-bitcoin/encrypter",
       {ref,"0a5639136e0eee81383fc818a46e368a302d7ff4"}},
  2},
 {<<"jiffy">>,
  {git,"https://github.com/davisp/jiffy",
       {ref,"1febce3ca86c5ca5d5a3618ed3d5f125bb99e4c5"}},
  3},
 {<<"pink_hash">>,
  {git,"https://github.com/BumblebeeBat/pink_crypto",
       {ref,"7cfcf35068f7545ae8067c6d6c076a647c88d9b8"}},
  1},
 {<<"ranch">>,
  {git,"https://github.com/ninenines/ranch.git",
       {ref,"adf1822defc2b7cfdc7aca112adabfa1d614043c"}},
  1},
 {<<"trie">>,
  {git,"https://github.com/BumblebeeBat/MerkleTrie",
       {ref,"ffe7234555ffc6d9c50dcf88ef76e21b85ff04e1"}},
  0}].
